
Microsoft Visual Studio Solution File, Format Version 12.00
# Visual Studio Version 16
VisualStudioVersion = 16.0.32901.82
MinimumVisualStudioVersion = 10.0.40219.1
Project("{FAE04EC0-301F-11D3-BF4B-00C04F79EFBC}") = "ProductTrackingSystem", "ProductTrackingSystem.csproj", "{53A2CCC2-DDE2-4115-86A6-6B819A3CEBF9}"
EndProject
Global
	GlobalSection(SolutionConfigurationPlatforms) = preSolution
		Debug|Any CPU = Debug|Any CPU
		Release|Any CPU = Release|Any CPU
	EndGlobalSection
	GlobalSection(ProjectConfigurationPlatforms) = postSolution
		{53A2CCC2-DDE2-4115-86A6-6B819A3CEBF9}.Debug|Any CPU.ActiveCfg = Debug|Any CPU
		{53A2CCC2-DDE2-4115-86A6-6B819A3CEBF9}.Debug|Any CPU.Build.0 = Debug|Any CPU
		{53A2CCC2-DDE2-4115-86A6-6B819A3CEBF9}.Release|Any CPU.ActiveCfg = Release|Any CPU
		{53A2CCC2-DDE2-4115-86A6-6B819A3CEBF9}.Release|Any CPU.Build.0 = Release|Any CPU
	EndGlobalSection
	GlobalSection(SolutionProperties) = preSolution
		HideSolutionNode = FALSE
	EndGlobalSection
	GlobalSection(ExtensibilityGlobals) = postSolution
		SolutionGuid = {ADAE9567-770F-4B12-91A8-749AFEE3D68F}
	EndGlobalSection
EndGlobal
